
Microsoft Visual Studio Solution File, Format Version 12.00
# Visual Studio Version 17
VisualStudioVersion = 17.3.32901.215
MinimumVisualStudioVersion = 10.0.40219.1
Project("{FAE04EC0-301F-11D3-BF4B-00C04F79EFBC}") = "sinav1_0", "sinav1_0\sinav1_0.csproj", "{9555D9F7-1D15-4404-8E68-9BE984C19851}"
EndProject
Global
	GlobalSection(SolutionConfigurationPlatforms) = preSolution
		Debug|Any CPU = Debug|Any CPU
		Release|Any CPU = Release|Any CPU
	EndGlobalSection
	GlobalSection(ProjectConfigurationPlatforms) = postSolution
		{9555D9F7-1D15-4404-8E68-9BE984C19851}.Debug|Any CPU.ActiveCfg = Debug|Any CPU
		{9555D9F7-1D15-4404-8E68-9BE984C19851}.Debug|Any CPU.Build.0 = Debug|Any CPU
		{9555D9F7-1D15-4404-8E68-9BE984C19851}.Release|Any CPU.ActiveCfg = Release|Any CPU
		{9555D9F7-1D15-4404-8E68-9BE984C19851}.Release|Any CPU.Build.0 = Release|Any CPU
	EndGlobalSection
	GlobalSection(SolutionProperties) = preSolution
		HideSolutionNode = FALSE
	EndGlobalSection
	GlobalSection(ExtensibilityGlobals) = postSolution
		SolutionGuid = {C94F8D6E-E220-484C-B017-C13414EA1519}
	EndGlobalSection
EndGlobal
